// !$*UTF8*$!
{
	archiveVersion = 1;
	classes = {
	};
	objectVersion = 56;
	objects = {

/* Begin PBXBuildFile section */
		1EA3485429F57C9400F35094 /* LoginViewController.swift in Sources */ = {isa = PBXBuildFile; fileRef = 1EA3485329F57C9400F35094 /* LoginViewController.swift */; };
		1EA3485629F597BC00F35094 /* ForgotPasswordViewController.swift in Sources */ = {isa = PBXBuildFile; fileRef = 1EA3485529F597BC00F35094 /* ForgotPasswordViewController.swift */; };
		1EA3485829F5F74A00F35094 /* ForgotPassword2ViewController.swift in Sources */ = {isa = PBXBuildFile; fileRef = 1EA3485729F5F74A00F35094 /* ForgotPassword2ViewController.swift */; };
		1EC9E9F629F19502009E893D /* AppDelegate.swift in Sources */ = {isa = PBXBuildFile; fileRef = 1EC9E9F529F19502009E893D /* AppDelegate.swift */; };
		1EC9E9F829F19502009E893D /* SceneDelegate.swift in Sources */ = {isa = PBXBuildFile; fileRef = 1EC9E9F729F19502009E893D /* SceneDelegate.swift */; };
		1EC9E9FA29F19502009E893D /* ViewController.swift in Sources */ = {isa = PBXBuildFile; fileRef = 1EC9E9F929F19502009E893D /* ViewController.swift */; };
		1EC9E9FD29F19502009E893D /* Main.storyboard in Resources */ = {isa = PBXBuildFile; fileRef = 1EC9E9FB29F19502009E893D /* Main.storyboard */; };
		1EC9EA0029F19503009E893D /* PostTraining.xcdatamodeld in Sources */ = {isa = PBXBuildFile; fileRef = 1EC9E9FE29F19503009E893D /* PostTraining.xcdatamodeld */; };
		1EC9EA0229F19507009E893D /* Assets.xcassets in Resources */ = {isa = PBXBuildFile; fileRef = 1EC9EA0129F19507009E893D /* Assets.xcassets */; };
		1EC9EA0529F19507009E893D /* LaunchScreen.storyboard in Resources */ = {isa = PBXBuildFile; fileRef = 1EC9EA0329F19507009E893D /* LaunchScreen.storyboard */; };
		1EC9EA0D29F1B6F4009E893D /* RegisterViewController.swift in Sources */ = {isa = PBXBuildFile; fileRef = 1EC9EA0C29F1B6F4009E893D /* RegisterViewController.swift */; };
		1EEC541C29F6BC2400D3C86B /* AdminAddViewController.swift in Sources */ = {isa = PBXBuildFile; fileRef = 1EEC541B29F6BC2400D3C86B /* AdminAddViewController.swift */; };
		1EEC542029F6E25B00D3C86B /* AdminListViewController.swift in Sources */ = {isa = PBXBuildFile; fileRef = 1EEC541F29F6E25B00D3C86B /* AdminListViewController.swift */; };
		1EEC542229F6E52400D3C86B /* AdminTableViewCell.swift in Sources */ = {isa = PBXBuildFile; fileRef = 1EEC542129F6E52400D3C86B /* AdminTableViewCell.swift */; };
		1EEC542429F7ACE900D3C86B /* UserHomeViewController.swift in Sources */ = {isa = PBXBuildFile; fileRef = 1EEC542329F7ACE900D3C86B /* UserHomeViewController.swift */; };
		1EEC542629F7B38700D3C86B /* UserTableViewCell.swift in Sources */ = {isa = PBXBuildFile; fileRef = 1EEC542529F7B38700D3C86B /* UserTableViewCell.swift */; };
		1EEC542829F806A000D3C86B /* OrderViewController.swift in Sources */ = {isa = PBXBuildFile; fileRef = 1EEC542729F806A000D3C86B /* OrderViewController.swift */; };
/* End PBXBuildFile section */

/* Begin PBXFileReference section */
		1EA3485329F57C9400F35094 /* LoginViewController.swift */ = {isa = PBXFileReference; lastKnownFileType = sourcecode.swift; path = LoginViewController.swift; sourceTree = "<group>"; };
		1EA3485529F597BC00F35094 /* ForgotPasswordViewController.swift */ = {isa = PBXFileReference; lastKnownFileType = sourcecode.swift; path = ForgotPasswordViewController.swift; sourceTree = "<group>"; };
		1EA3485729F5F74A00F35094 /* ForgotPassword2ViewController.swift */ = {isa = PBXFileReference; lastKnownFileType = sourcecode.swift; path = ForgotPassword2ViewController.swift; sourceTree = "<group>"; };
		1EC9E9F229F19502009E893D /* PostTraining.app */ = {isa = PBXFileReference; explicitFileType = wrapper.application; includeInIndex = 0; path = PostTraining.app; sourceTree = BUILT_PRODUCTS_DIR; };
		1EC9E9F529F19502009E893D /* AppDelegate.swift */ = {isa = PBXFileReference; lastKnownFileType = sourcecode.swift; path = AppDelegate.swift; sourceTree = "<group>"; };
		1EC9E9F729F19502009E893D /* SceneDelegate.swift */ = {isa = PBXFileReference; lastKnownFileType = sourcecode.swift; path = SceneDelegate.swift; sourceTree = "<group>"; };
		1EC9E9F929F19502009E893D /* ViewController.swift */ = {isa = PBXFileReference; lastKnownFileType = sourcecode.swift; path = ViewController.swift; sourceTree = "<group>"; };
		1EC9E9FC29F19502009E893D /* Base */ = {isa = PBXFileReference; lastKnownFileType = file.storyboard; name = Base; path = Base.lproj/Main.storyboard; sourceTree = "<group>"; };
		1EC9E9FF29F19503009E893D /* PostTraining.xcdatamodel */ = {isa = PBXFileReference; lastKnownFileType = wrapper.xcdatamodel; path = PostTraining.xcdatamodel; sourceTree = "<group>"; };
		1EC9EA0129F19507009E893D /* Assets.xcassets */ = {isa = PBXFileReference; lastKnownFileType = folder.assetcatalog; path = Assets.xcassets; sourceTree = "<group>"; };
		1EC9EA0429F19507009E893D /* Base */ = {isa = PBXFileReference; lastKnownFileType = file.storyboard; name = Base; path = Base.lproj/LaunchScreen.storyboard; sourceTree = "<group>"; };
		1EC9EA0629F19507009E893D /* Info.plist */ = {isa = PBXFileReference; lastKnownFileType = text.plist.xml; path = Info.plist; sourceTree = "<group>"; };
		1EC9EA0C29F1B6F4009E893D /* RegisterViewController.swift */ = {isa = PBXFileReference; lastKnownFileType = sourcecode.swift; path = RegisterViewController.swift; sourceTree = "<group>"; };
		1EEC541B29F6BC2400D3C86B /* AdminAddViewController.swift */ = {isa = PBXFileReference; lastKnownFileType = sourcecode.swift; path = AdminAddViewController.swift; sourceTree = "<group>"; };
		1EEC541F29F6E25B00D3C86B /* AdminListViewController.swift */ = {isa = PBXFileReference; lastKnownFileType = sourcecode.swift; path = AdminListViewController.swift; sourceTree = "<group>"; };
		1EEC542129F6E52400D3C86B /* AdminTableViewCell.swift */ = {isa = PBXFileReference; lastKnownFileType = sourcecode.swift; path = AdminTableViewCell.swift; sourceTree = "<group>"; };
		1EEC542329F7ACE900D3C86B /* UserHomeViewController.swift */ = {isa = PBXFileReference; lastKnownFileType = sourcecode.swift; path = UserHomeViewController.swift; sourceTree = "<group>"; };
		1EEC542529F7B38700D3C86B /* UserTableViewCell.swift */ = {isa = PBXFileReference; lastKnownFileType = sourcecode.swift; path = UserTableViewCell.swift; sourceTree = "<group>"; };
		1EEC542729F806A000D3C86B /* OrderViewController.swift */ = {isa = PBXFileReference; lastKnownFileType = sourcecode.swift; path = OrderViewController.swift; sourceTree = "<group>"; };
/* End PBXFileReference section */

/* Begin PBXFrameworksBuildPhase section */
		1EC9E9EF29F19502009E893D /* Frameworks */ = {
			isa = PBXFrameworksBuildPhase;
			buildActionMask = 2147483647;
			files = (
			);
			runOnlyForDeploymentPostprocessing = 0;
		};
/* End PBXFrameworksBuildPhase section */

/* Begin PBXGroup section */
		1EC9E9E929F19502009E893D = {
			isa = PBXGroup;
			children = (
				1EC9E9F429F19502009E893D /* PostTraining */,
				1EC9E9F329F19502009E893D /* Products */,
			);
			sourceTree = "<group>";
		};
		1EC9E9F329F19502009E893D /* Products */ = {
			isa = PBXGroup;
			children = (
				1EC9E9F229F19502009E893D /* PostTraining.app */,
			);
			name = Products;
			sourceTree = "<group>";
		};
		1EC9E9F429F19502009E893D /* PostTraining */ = {
			isa = PBXGroup;
			children = (
				1EC9E9F529F19502009E893D /* AppDelegate.swift */,
				1EC9E9F729F19502009E893D /* SceneDelegate.swift */,
				1EC9E9F929F19502009E893D /* ViewController.swift */,
				1EC9E9FB29F19502009E893D /* Main.storyboard */,
				1EC9EA0129F19507009E893D /* Assets.xcassets */,
				1EC9EA0329F19507009E893D /* LaunchScreen.storyboard */,
				1EC9EA0629F19507009E893D /* Info.plist */,
				1EC9E9FE29F19503009E893D /* PostTraining.xcdatamodeld */,
				1EC9EA0C29F1B6F4009E893D /* RegisterViewController.swift */,
				1EA3485329F57C9400F35094 /* LoginViewController.swift */,
				1EA3485529F597BC00F35094 /* ForgotPasswordViewController.swift */,
				1EA3485729F5F74A00F35094 /* ForgotPassword2ViewController.swift */,
				1EEC541B29F6BC2400D3C86B /* AdminAddViewController.swift */,
				1EEC541F29F6E25B00D3C86B /* AdminListViewController.swift */,
				1EEC542129F6E52400D3C86B /* AdminTableViewCell.swift */,
				1EEC542329F7ACE900D3C86B /* UserHomeViewController.swift */,
				1EEC542529F7B38700D3C86B /* UserTableViewCell.swift */,
				1EEC542729F806A000D3C86B /* OrderViewController.swift */,
			);
			path = PostTraining;
			sourceTree = "<group>";
		};
/* End PBXGroup section */

/* Begin PBXNativeTarget section */
		1EC9E9F129F19502009E893D /* PostTraining */ = {
			isa = PBXNativeTarget;
			buildConfigurationList = 1EC9EA0929F19507009E893D /* Build configuration list for PBXNativeTarget "PostTraining" */;
			buildPhases = (
				1EC9E9EE29F19502009E893D /* Sources */,
				1EC9E9EF29F19502009E893D /* Frameworks */,
				1EC9E9F029F19502009E893D /* Resources */,
			);
			buildRules = (
			);
			dependencies = (
			);
			name = PostTraining;
			productName = PostTraining;
			productReference = 1EC9E9F229F19502009E893D /* PostTraining.app */;
			productType = "com.apple.product-type.application";
		};
/* End PBXNativeTarget section */

/* Begin PBXProject section */
		1EC9E9EA29F19502009E893D /* Project object */ = {
			isa = PBXProject;
			attributes = {
				BuildIndependentTargetsInParallel = 1;
				LastSwiftUpdateCheck = 1430;
				LastUpgradeCheck = 1430;
				TargetAttributes = {
					1EC9E9F129F19502009E893D = {
						CreatedOnToolsVersion = 14.3;
					};
				};
			};
			buildConfigurationList = 1EC9E9ED29F19502009E893D /* Build configuration list for PBXProject "PostTraining" */;
			compatibilityVersion = "Xcode 14.0";
			developmentRegion = en;
			hasScannedForEncodings = 0;
			knownRegions = (
				en,
				Base,
			);
			mainGroup = 1EC9E9E929F19502009E893D;
			productRefGroup = 1EC9E9F329F19502009E893D /* Products */;
			projectDirPath = "";
			projectRoot = "";
			targets = (
				1EC9E9F129F19502009E893D /* PostTraining */,
			);
		};
/* End PBXProject section */

/* Begin PBXResourcesBuildPhase section */
		1EC9E9F029F19502009E893D /* Resources */ = {
			isa = PBXResourcesBuildPhase;
			buildActionMask = 2147483647;
			files = (
				1EC9EA0529F19507009E893D /* LaunchScreen.storyboard in Resources */,
				1EC9EA0229F19507009E893D /* Assets.xcassets in Resources */,
				1EC9E9FD29F19502009E893D /* Main.storyboard in Resources */,
			);
			runOnlyForDeploymentPostprocessing = 0;
		};
/* End PBXResourcesBuildPhase section */

/* Begin PBXSourcesBuildPhase section */
		1EC9E9EE29F19502009E893D /* Sources */ = {
			isa = PBXSourcesBuildPhase;
			buildActionMask = 2147483647;
			files = (
				1EA3485429F57C9400F35094 /* LoginViewController.swift in Sources */,
				1EA3485629F597BC00F35094 /* ForgotPasswordViewController.swift in Sources */,
				1EC9E9FA29F19502009E893D /* ViewController.swift in Sources */,
				1EEC542829F806A000D3C86B /* OrderViewController.swift in Sources */,
				1EA3485829F5F74A00F35094 /* ForgotPassword2ViewController.swift in Sources */,
				1EEC542629F7B38700D3C86B /* UserTableViewCell.swift in Sources */,
				1EEC542229F6E52400D3C86B /* AdminTableViewCell.swift in Sources */,
				1EEC542029F6E25B00D3C86B /* AdminListViewController.swift in Sources */,
				1EEC542429F7ACE900D3C86B /* UserHomeViewController.swift in Sources */,
				1EC9EA0D29F1B6F4009E893D /* RegisterViewController.swift in Sources */,
				1EEC541C29F6BC2400D3C86B /* AdminAddViewController.swift in Sources */,
				1EC9E9F629F19502009E893D /* AppDelegate.swift in Sources */,
				1EC9E9F829F19502009E893D /* SceneDelegate.swift in Sources */,
				1EC9EA0029F19503009E893D /* PostTraining.xcdatamodeld in Sources */,
			);
			runOnlyForDeploymentPostprocessing = 0;
		};
/* End PBXSourcesBuildPhase section */

/* Begin PBXVariantGroup section */
		1EC9E9FB29F19502009E893D /* Main.storyboard */ = {
			isa = PBXVariantGroup;
			children = (
				1EC9E9FC29F19502009E893D /* Base */,
			);
			name = Main.storyboard;
			sourceTree = "<group>";
		};
		1EC9EA0329F19507009E893D /* LaunchScreen.storyboard */ = {
			isa = PBXVariantGroup;
			children = (
				1EC9EA0429F19507009E893D /* Base */,
			);
			name = LaunchScreen.storyboard;
			sourceTree = "<group>";
		};
/* End PBXVariantGroup section */

/* Begin XCBuildConfiguration section */
		1EC9EA0729F19507009E893D /* Debug */ = {
			isa = XCBuildConfiguration;
			buildSettings = {
				ALWAYS_SEARCH_USER_PATHS = NO;
				CLANG_ANALYZER_NONNULL = YES;
				CLANG_ANALYZER_NUMBER_OBJECT_CONVERSION = YES_AGGRESSIVE;
				CLANG_CXX_LANGUAGE_STANDARD = "gnu++20";
				CLANG_ENABLE_MODULES = YES;
				CLANG_ENABLE_OBJC_ARC = YES;
				CLANG_ENABLE_OBJC_WEAK = YES;
				CLANG_WARN_BLOCK_CAPTURE_AUTORELEASING = YES;
				CLANG_WARN_BOOL_CONVERSION = YES;
				CLANG_WARN_COMMA = YES;
				CLANG_WARN_CONSTANT_CONVERSION = YES;
				CLANG_WARN_DEPRECATED_OBJC_IMPLEMENTATIONS = YES;
				CLANG_WARN_DIRECT_OBJC_ISA_USAGE = YES_ERROR;
				CLANG_WARN_DOCUMENTATION_COMMENTS = YES;
				CLANG_WARN_EMPTY_BODY = YES;
				CLANG_WARN_ENUM_CONVERSION = YES;
				CLANG_WARN_INFINITE_RECURSION = YES;
				CLANG_WARN_INT_CONVERSION = YES;
				CLANG_WARN_NON_LITERAL_NULL_CONVERSION = YES;
				CLANG_WARN_OBJC_IMPLICIT_RETAIN_SELF = YES;
				CLANG_WARN_OBJC_LITERAL_CONVERSION = YES;
				CLANG_WARN_OBJC_ROOT_CLASS = YES_ERROR;
				CLANG_WARN_QUOTED_INCLUDE_IN_FRAMEWORK_HEADER = YES;
				CLANG_WARN_RANGE_LOOP_ANALYSIS = YES;
				CLANG_WARN_STRICT_PROTOTYPES = YES;
				CLANG_WARN_SUSPICIOUS_MOVE = YES;
				CLANG_WARN_UNGUARDED_AVAILABILITY = YES_AGGRESSIVE;
				CLANG_WARN_UNREACHABLE_CODE = YES;
				CLANG_WARN__DUPLICATE_METHOD_MATCH = YES;
				COPY_PHASE_STRIP = NO;
				DEBUG_INFORMATION_FORMAT = dwarf;
				ENABLE_STRICT_OBJC_MSGSEND = YES;
				ENABLE_TESTABILITY = YES;
				GCC_C_LANGUAGE_STANDARD = gnu11;
				GCC_DYNAMIC_NO_PIC = NO;
				GCC_NO_COMMON_BLOCKS = YES;
				GCC_OPTIMIZATION_LEVEL = 0;
				GCC_PREPROCESSOR_DEFINITIONS = (
					"DEBUG=1",
					"$(inherited)",
				);
				GCC_WARN_64_TO_32_BIT_CONVERSION = YES;
				GCC_WARN_ABOUT_RETURN_TYPE = YES_ERROR;
				GCC_WARN_UNDECLARED_SELECTOR = YES;
				GCC_WARN_UNINITIALIZED_AUTOS = YES_AGGRESSIVE;
				GCC_WARN_UNUSED_FUNCTION = YES;
				GCC_WARN_UNUSED_VARIABLE = YES;
				IPHONEOS_DEPLOYMENT_TARGET = 16.4;
				MTL_ENABLE_DEBUG_INFO = INCLUDE_SOURCE;
				MTL_FAST_MATH = YES;
				ONLY_ACTIVE_ARCH = YES;
				SDKROOT = iphoneos;
				SWIFT_ACTIVE_COMPILATION_CONDITIONS = DEBUG;
				SWIFT_OPTIMIZATION_LEVEL = "-Onone";
			};
			name = Debug;
		};
		1EC9EA0829F19507009E893D /* Release */ = {
			isa = XCBuildConfiguration;
			buildSettings = {
				ALWAYS_SEARCH_USER_PATHS = NO;
				CLANG_ANALYZER_NONNULL = YES;
				CLANG_ANALYZER_NUMBER_OBJECT_CONVERSION = YES_AGGRESSIVE;
				CLANG_CXX_LANGUAGE_STANDARD = "gnu++20";
				CLANG_ENABLE_MODULES = YES;
				CLANG_ENABLE_OBJC_ARC = YES;
				CLANG_ENABLE_OBJC_WEAK = YES;
				CLANG_WARN_BLOCK_CAPTURE_AUTORELEASING = YES;
				CLANG_WARN_BOOL_CONVERSION = YES;
				CLANG_WARN_COMMA = YES;
				CLANG_WARN_CONSTANT_CONVERSION = YES;
				CLANG_WARN_DEPRECATED_OBJC_IMPLEMENTATIONS = YES;
				CLANG_WARN_DIRECT_OBJC_ISA_USAGE = YES_ERROR;
				CLANG_WARN_DOCUMENTATION_COMMENTS = YES;
				CLANG_WARN_EMPTY_BODY = YES;
				CLANG_WARN_ENUM_CONVERSION = YES;
				CLANG_WARN_INFINITE_RECURSION = YES;
				CLANG_WARN_INT_CONVERSION = YES;
				CLANG_WARN_NON_LITERAL_NULL_CONVERSION = YES;
				CLANG_WARN_OBJC_IMPLICIT_RETAIN_SELF = YES;
				CLANG_WARN_OBJC_LITERAL_CONVERSION = YES;
				CLANG_WARN_OBJC_ROOT_CLASS = YES_ERROR;
				CLANG_WARN_QUOTED_INCLUDE_IN_FRAMEWORK_HEADER = YES;
				CLANG_WARN_RANGE_LOOP_ANALYSIS = YES;
				CLANG_WARN_STRICT_PROTOTYPES = YES;
				CLANG_WARN_SUSPICIOUS_MOVE = YES;
				CLANG_WARN_UNGUARDED_AVAILABILITY = YES_AGGRESSIVE;
				CLANG_WARN_UNREACHABLE_CODE = YES;
				CLANG_WARN__DUPLICATE_METHOD_MATCH = YES;
				COPY_PHASE_STRIP = NO;
				DEBUG_INFORMATION_FORMAT = "dwarf-with-dsym";
				ENABLE_NS_ASSERTIONS = NO;
				ENABLE_STRICT_OBJC_MSGSEND = YES;
				GCC_C_LANGUAGE_STANDARD = gnu11;
				GCC_NO_COMMON_BLOCKS = YES;
				GCC_WARN_64_TO_32_BIT_CONVERSION = YES;
				GCC_WARN_ABOUT_RETURN_TYPE = YES_ERROR;
				GCC_WARN_UNDECLARED_SELECTOR = YES;
				GCC_WARN_UNINITIALIZED_AUTOS = YES_AGGRESSIVE;
				GCC_WARN_UNUSED_FUNCTION = YES;
				GCC_WARN_UNUSED_VARIABLE = YES;
				IPHONEOS_DEPLOYMENT_TARGET = 16.4;
				MTL_ENABLE_DEBUG_INFO = NO;
				MTL_FAST_MATH = YES;
				SDKROOT = iphoneos;
				SWIFT_COMPILATION_MODE = wholemodule;
				SWIFT_OPTIMIZATION_LEVEL = "-O";
				VALIDATE_PRODUCT = YES;
			};
			name = Release;
		};
		1EC9EA0A29F19507009E893D /* Debug */ = {
			isa = XCBuildConfiguration;
			buildSettings = {
				ASSETCATALOG_COMPILER_APPICON_NAME = AppIcon;
				ASSETCATALOG_COMPILER_GLOBAL_ACCENT_COLOR_NAME = AccentColor;
				CODE_SIGN_STYLE = Automatic;
				CURRENT_PROJECT_VERSION = 1;
				GENERATE_INFOPLIST_FILE = YES;
				INFOPLIST_FILE = PostTraining/Info.plist;
				INFOPLIST_KEY_UIApplicationSupportsIndirectInputEvents = YES;
				INFOPLIST_KEY_UILaunchStoryboardName = LaunchScreen;
				INFOPLIST_KEY_UIMainStoryboardFile = Main;
				INFOPLIST_KEY_UISupportedInterfaceOrientations_iPad = "UIInterfaceOrientationPortrait UIInterfaceOrientationPortraitUpsideDown UIInterfaceOrientationLandscapeLeft UIInterfaceOrientationLandscapeRight";
				INFOPLIST_KEY_UISupportedInterfaceOrientations_iPhone = "UIInterfaceOrientationPortrait UIInterfaceOrientationLandscapeLeft UIInterfaceOrientationLandscapeRight";
				LD_RUNPATH_SEARCH_PATHS = (
					"$(inherited)",
					"@executable_path/Frameworks",
				);
				MARKETING_VERSION = 1.0;
				PRODUCT_BUNDLE_IDENTIFIER = com.ZY.PostTraining;
				PRODUCT_NAME = "$(TARGET_NAME)";
				SWIFT_EMIT_LOC_STRINGS = YES;
				SWIFT_VERSION = 5.0;
				TARGETED_DEVICE_FAMILY = "1,2";
			};
			name = Debug;
		};
		1EC9EA0B29F19507009E893D /* Release */ = {
			isa = XCBuildConfiguration;
			buildSettings = {
				ASSETCATALOG_COMPILER_APPICON_NAME = AppIcon;
				ASSETCATALOG_COMPILER_GLOBAL_ACCENT_COLOR_NAME = AccentColor;
				CODE_SIGN_STYLE = Automatic;
				CURRENT_PROJECT_VERSION = 1;
				GENERATE_INFOPLIST_FILE = YES;
				INFOPLIST_FILE = PostTraining/Info.plist;
				INFOPLIST_KEY_UIApplicationSupportsIndirectInputEvents = YES;
				INFOPLIST_KEY_UILaunchStoryboardName = LaunchScreen;
				INFOPLIST_KEY_UIMainStoryboardFile = Main;
				INFOPLIST_KEY_UISupportedInterfaceOrientations_iPad = "UIInterfaceOrientationPortrait UIInterfaceOrientationPortraitUpsideDown UIInterfaceOrientationLandscapeLeft UIInterfaceOrientationLandscapeRight";
				INFOPLIST_KEY_UISupportedInterfaceOrientations_iPhone = "UIInterfaceOrientationPortrait UIInterfaceOrientationLandscapeLeft UIInterfaceOrientationLandscapeRight";
				LD_RUNPATH_SEARCH_PATHS = (
					"$(inherited)",
					"@executable_path/Frameworks",
				);
				MARKETING_VERSION = 1.0;
				PRODUCT_BUNDLE_IDENTIFIER = com.ZY.PostTraining;
				PRODUCT_NAME = "$(TARGET_NAME)";
				SWIFT_EMIT_LOC_STRINGS = YES;
				SWIFT_VERSION = 5.0;
				TARGETED_DEVICE_FAMILY = "1,2";
			};
			name = Release;
		};
/* End XCBuildConfiguration section */

/* Begin XCConfigurationList section */
		1EC9E9ED29F19502009E893D /* Build configuration list for PBXProject "PostTraining" */ = {
			isa = XCConfigurationList;
			buildConfigurations = (
				1EC9EA0729F19507009E893D /* Debug */,
				1EC9EA0829F19507009E893D /* Release */,
			);
			defaultConfigurationIsVisible = 0;
			defaultConfigurationName = Release;
		};
		1EC9EA0929F19507009E893D /* Build configuration list for PBXNativeTarget "PostTraining" */ = {
			isa = XCConfigurationList;
			buildConfigurations = (
				1EC9EA0A29F19507009E893D /* Debug */,
				1EC9EA0B29F19507009E893D /* Release */,
			);
			defaultConfigurationIsVisible = 0;
			defaultConfigurationName = Release;
		};
/* End XCConfigurationList section */

/* Begin XCVersionGroup section */
		1EC9E9FE29F19503009E893D /* PostTraining.xcdatamodeld */ = {
			isa = XCVersionGroup;
			children = (
				1EC9E9FF29F19503009E893D /* PostTraining.xcdatamodel */,
			);
			currentVersion = 1EC9E9FF29F19503009E893D /* PostTraining.xcdatamodel */;
			path = PostTraining.xcdatamodeld;
			sourceTree = "<group>";
			versionGroupType = wrapper.xcdatamodel;
		};
/* End XCVersionGroup section */
	};
	rootObject = 1EC9E9EA29F19502009E893D /* Project object */;
}
